
Microsoft Visual Studio Solution File, Format Version 12.00
# Visual Studio 14
VisualStudioVersion = 14.0.25123.0
MinimumVisualStudioVersion = 10.0.40219.1
Project("{FAE04EC0-301F-11D3-BF4B-00C04F79EFBC}") = "Jake.Service", "Jake.Service\Jake.Service.csproj", "{FFA2450E-8F43-4597-9341-D9C23F56825F}"
	ProjectSection(ProjectDependencies) = postProject
		{AAB791F3-2864-422F-AF92-499044D9CE0E} = {AAB791F3-2864-422F-AF92-499044D9CE0E}
	EndProjectSection
EndProject
Project("{FAE04EC0-301F-11D3-BF4B-00C04F79EFBC}") = "Common", "..\Common\Common.csproj", "{AAB791F3-2864-422F-AF92-499044D9CE0E}"
EndProject
Global
	GlobalSection(SolutionConfigurationPlatforms) = preSolution
		Debug|Any CPU = Debug|Any CPU
		Release|Any CPU = Release|Any CPU
	EndGlobalSection
	GlobalSection(ProjectConfigurationPlatforms) = postSolution
		{FFA2450E-8F43-4597-9341-D9C23F56825F}.Debug|Any CPU.ActiveCfg = Debug|Any CPU
		{FFA2450E-8F43-4597-9341-D9C23F56825F}.Debug|Any CPU.Build.0 = Debug|Any CPU
		{FFA2450E-8F43-4597-9341-D9C23F56825F}.Release|Any CPU.ActiveCfg = Release|Any CPU
		{FFA2450E-8F43-4597-9341-D9C23F56825F}.Release|Any CPU.Build.0 = Release|Any CPU
		{AAB791F3-2864-422F-AF92-499044D9CE0E}.Debug|Any CPU.ActiveCfg = Debug|Any CPU
		{AAB791F3-2864-422F-AF92-499044D9CE0E}.Debug|Any CPU.Build.0 = Debug|Any CPU
		{AAB791F3-2864-422F-AF92-499044D9CE0E}.Release|Any CPU.ActiveCfg = Release|Any CPU
		{AAB791F3-2864-422F-AF92-499044D9CE0E}.Release|Any CPU.Build.0 = Release|Any CPU
	EndGlobalSection
	GlobalSection(SolutionProperties) = preSolution
		HideSolutionNode = FALSE
	EndGlobalSection
EndGlobal
